
Microsoft Visual Studio Solution File, Format Version 12.00
# Visual Studio Version 17
VisualStudioVersion = 17.4.33110.190
MinimumVisualStudioVersion = 10.0.40219.1
Project("{FAE04EC0-301F-11D3-BF4B-00C04F79EFBC}") = "Proyecto1", "Proyecto1\Proyecto1.csproj", "{5440CB1F-B0B8-45ED-B9D7-03D006D8C30E}"
EndProject
Global
	GlobalSection(SolutionConfigurationPlatforms) = preSolution
		Debug|Any CPU = Debug|Any CPU
		Release|Any CPU = Release|Any CPU
	EndGlobalSection
	GlobalSection(ProjectConfigurationPlatforms) = postSolution
		{5440CB1F-B0B8-45ED-B9D7-03D006D8C30E}.Debug|Any CPU.ActiveCfg = Debug|Any CPU
		{5440CB1F-B0B8-45ED-B9D7-03D006D8C30E}.Debug|Any CPU.Build.0 = Debug|Any CPU
		{5440CB1F-B0B8-45ED-B9D7-03D006D8C30E}.Release|Any CPU.ActiveCfg = Release|Any CPU
		{5440CB1F-B0B8-45ED-B9D7-03D006D8C30E}.Release|Any CPU.Build.0 = Release|Any CPU
	EndGlobalSection
	GlobalSection(SolutionProperties) = preSolution
		HideSolutionNode = FALSE
	EndGlobalSection
	GlobalSection(ExtensibilityGlobals) = postSolution
		SolutionGuid = {EA59A009-F145-4A08-9CC3-2526DFE0FE90}
	EndGlobalSection
EndGlobal
